
Microsoft Visual Studio Solution File, Format Version 12.00
# Visual Studio 15
VisualStudioVersion = 15.0.28010.2036
MinimumVisualStudioVersion = 10.0.40219.1
Project("{FAE04EC0-301F-11D3-BF4B-00C04F79EFBC}") = "glicose", "glicose\glicose.csproj", "{933F31D9-19DD-43DE-BC8A-9D233A0E2D64}"
EndProject
Global
	GlobalSection(SolutionConfigurationPlatforms) = preSolution
		Debug|Any CPU = Debug|Any CPU
		Release|Any CPU = Release|Any CPU
	EndGlobalSection
	GlobalSection(ProjectConfigurationPlatforms) = postSolution
		{933F31D9-19DD-43DE-BC8A-9D233A0E2D64}.Debug|Any CPU.ActiveCfg = Debug|Any CPU
		{933F31D9-19DD-43DE-BC8A-9D233A0E2D64}.Debug|Any CPU.Build.0 = Debug|Any CPU
		{933F31D9-19DD-43DE-BC8A-9D233A0E2D64}.Release|Any CPU.ActiveCfg = Release|Any CPU
		{933F31D9-19DD-43DE-BC8A-9D233A0E2D64}.Release|Any CPU.Build.0 = Release|Any CPU
	EndGlobalSection
	GlobalSection(SolutionProperties) = preSolution
		HideSolutionNode = FALSE
	EndGlobalSection
	GlobalSection(ExtensibilityGlobals) = postSolution
		SolutionGuid = {CF205967-55C2-4956-9B65-39EE44C0A334}
	EndGlobalSection
EndGlobal
